
Microsoft Visual Studio Solution File, Format Version 12.00
# Visual Studio 15
VisualStudioVersion = 15.0.27703.2035
MinimumVisualStudioVersion = 10.0.40219.1
Project("{FAE04EC0-301F-11D3-BF4B-00C04F79EFBC}") = "ClassLibrary1", "ClassLibrary1\ClassLibrary1.csproj", "{DD7DDF33-730D-4AD8-9881-D192D1C2C402}"
EndProject
Project("{FAE04EC0-301F-11D3-BF4B-00C04F79EFBC}") = "TwilightForm", "TwilightForm\TwilightForm.csproj", "{24F4F76C-6A89-473E-B5CB-AF967C97A0FE}"
EndProject
Global
	GlobalSection(SolutionConfigurationPlatforms) = preSolution
		Debug|Any CPU = Debug|Any CPU
		Release|Any CPU = Release|Any CPU
	EndGlobalSection
	GlobalSection(ProjectConfigurationPlatforms) = postSolution
		{DD7DDF33-730D-4AD8-9881-D192D1C2C402}.Debug|Any CPU.ActiveCfg = Debug|Any CPU
		{DD7DDF33-730D-4AD8-9881-D192D1C2C402}.Debug|Any CPU.Build.0 = Debug|Any CPU
		{DD7DDF33-730D-4AD8-9881-D192D1C2C402}.Release|Any CPU.ActiveCfg = Release|Any CPU
		{DD7DDF33-730D-4AD8-9881-D192D1C2C402}.Release|Any CPU.Build.0 = Release|Any CPU
		{24F4F76C-6A89-473E-B5CB-AF967C97A0FE}.Debug|Any CPU.ActiveCfg = Debug|Any CPU
		{24F4F76C-6A89-473E-B5CB-AF967C97A0FE}.Debug|Any CPU.Build.0 = Debug|Any CPU
		{24F4F76C-6A89-473E-B5CB-AF967C97A0FE}.Release|Any CPU.ActiveCfg = Release|Any CPU
		{24F4F76C-6A89-473E-B5CB-AF967C97A0FE}.Release|Any CPU.Build.0 = Release|Any CPU
	EndGlobalSection
	GlobalSection(SolutionProperties) = preSolution
		HideSolutionNode = FALSE
	EndGlobalSection
	GlobalSection(ExtensibilityGlobals) = postSolution
		SolutionGuid = {CE8DFCDC-2313-49EE-9D9E-C2B3FE28221C}
	EndGlobalSection
EndGlobal
